
Microsoft Visual Studio Solution File, Format Version 12.00
# Visual Studio Version 16
VisualStudioVersion = 16.0.30204.135
MinimumVisualStudioVersion = 10.0.40219.1
Project("{FAE04EC0-301F-11D3-BF4B-00C04F79EFBC}") = "20200615_001", "20200615_001\20200615_001.csproj", "{CF35DEA5-5FAE-484D-9610-6F9B4313E7EF}"
EndProject
Global
	GlobalSection(SolutionConfigurationPlatforms) = preSolution
		Debug|Any CPU = Debug|Any CPU
		Release|Any CPU = Release|Any CPU
	EndGlobalSection
	GlobalSection(ProjectConfigurationPlatforms) = postSolution
		{CF35DEA5-5FAE-484D-9610-6F9B4313E7EF}.Debug|Any CPU.ActiveCfg = Debug|Any CPU
		{CF35DEA5-5FAE-484D-9610-6F9B4313E7EF}.Debug|Any CPU.Build.0 = Debug|Any CPU
		{CF35DEA5-5FAE-484D-9610-6F9B4313E7EF}.Release|Any CPU.ActiveCfg = Release|Any CPU
		{CF35DEA5-5FAE-484D-9610-6F9B4313E7EF}.Release|Any CPU.Build.0 = Release|Any CPU
	EndGlobalSection
	GlobalSection(SolutionProperties) = preSolution
		HideSolutionNode = FALSE
	EndGlobalSection
	GlobalSection(ExtensibilityGlobals) = postSolution
		SolutionGuid = {14382C52-75E4-4678-AC38-00F0933759AB}
	EndGlobalSection
EndGlobal
